{
  "originHash" : "77da8b20988e205cd55b577299dcbb0257b75e67e91c3c4dc6f6a5312571ab4e",
  "pins" : [
    {
      "identity" : "repairclub-ios-sdk",
      "kind" : "remoteSourceControl",
      "location" : "https://github.com/repairclub/repairclub-ios-sdk.git",
      "state" : {
        "revision" : "ff3eab104978cab6da9f01beab0816b1753fab21",
        "version" : "1.5.4"
      }
    },
    {
      "identity" : "swiftyjson",
      "kind" : "remoteSourceControl",
      "location" : "https://github.com/SwiftyJSON/SwiftyJSON.git",
      "state" : {
        "revision" : "af76cf3ef710b6ca5f8c05f3a31307d44a3c5828",
        "version" : "5.0.2"
      }
    }
  ],
  "version" : 3
}
