{
  "originHash" : "6c83df4b6d1f72f684d2444427ce7a0da1f6d36c33f813b420ca65f0ccb99e06",
  "pins" : [
    {
      "identity" : "repairclub-ios-sdk",
      "kind" : "remoteSourceControl",
      "location" : "https://github.com/repairclub/repairclub-ios-sdk.git",
      "state" : {
        "revision" : "a70d7ee3b14f2da6f409a091b51b12972aea5199",
        "version" : "1.5.6"
      }
    },
    {
      "identity" : "swiftyjson",
      "kind" : "remoteSourceControl",
      "location" : "https://github.com/SwiftyJSON/SwiftyJSON.git",
      "state" : {
        "revision" : "af76cf3ef710b6ca5f8c05f3a31307d44a3c5828",
        "version" : "5.0.2"
      }
    }
  ],
  "version" : 3
}
