{
  "originHash" : "afc4f68133e17148249062c3ca51265e10100c2361d1dfe544f35557bf9eab11",
  "pins" : [
    {
      "identity" : "repairclubsdk",
      "kind" : "remoteSourceControl",
      "location" : "git@github.com:RRCummins/RepairClubSDK.git",
      "state" : {
        "revision" : "a0554236b6f7765e5709158fcc46d1fe0ed12185",
        "version" : "1.5.5-beta.3"
      }
    },
    {
      "identity" : "swiftyjson",
      "kind" : "remoteSourceControl",
      "location" : "https://github.com/SwiftyJSON/SwiftyJSON.git",
      "state" : {
        "revision" : "af76cf3ef710b6ca5f8c05f3a31307d44a3c5828",
        "version" : "5.0.2"
      }
    }
  ],
  "version" : 3
}
